
Microsoft Visual Studio Solution File, Format Version 12.00
# Visual Studio Version 17
VisualStudioVersion = 17.10.35013.160
MinimumVisualStudioVersion = 10.0.40219.1
Project("{FAE04EC0-301F-11D3-BF4B-00C04F79EFBC}") = "ObiletHackathon.Api", "ObiletHackathon.Api\ObiletHackathon.Api.csproj", "{D1D2C01B-3ADA-44ED-A06D-DE85FDCC3535}"
EndProject
Global
	GlobalSection(SolutionConfigurationPlatforms) = preSolution
		Debug|Any CPU = Debug|Any CPU
		Release|Any CPU = Release|Any CPU
	EndGlobalSection
	GlobalSection(ProjectConfigurationPlatforms) = postSolution
		{D1D2C01B-3ADA-44ED-A06D-DE85FDCC3535}.Debug|Any CPU.ActiveCfg = Debug|Any CPU
		{D1D2C01B-3ADA-44ED-A06D-DE85FDCC3535}.Debug|Any CPU.Build.0 = Debug|Any CPU
		{D1D2C01B-3ADA-44ED-A06D-DE85FDCC3535}.Release|Any CPU.ActiveCfg = Release|Any CPU
		{D1D2C01B-3ADA-44ED-A06D-DE85FDCC3535}.Release|Any CPU.Build.0 = Release|Any CPU
	EndGlobalSection
	GlobalSection(SolutionProperties) = preSolution
		HideSolutionNode = FALSE
	EndGlobalSection
	GlobalSection(ExtensibilityGlobals) = postSolution
		SolutionGuid = {CCA3FB25-0B34-40D1-BADC-0071748AA08A}
	EndGlobalSection
EndGlobal
